
Microsoft Visual Studio Solution File, Format Version 12.00
# Visual Studio Version 17
VisualStudioVersion = 17.4.33205.214
MinimumVisualStudioVersion = 10.0.40219.1
Project("{8BC9CEB8-8B4A-11D0-8D11-00A0C91BC942}") = "Ispiti", "Ispiti\Ispiti.vcxproj", "{E672818C-D8D8-459B-9075-BD8AB82B7E94}"
EndProject
Global
	GlobalSection(SolutionConfigurationPlatforms) = preSolution
		Debug|x64 = Debug|x64
		Debug|x86 = Debug|x86
		Release|x64 = Release|x64
		Release|x86 = Release|x86
	EndGlobalSection
	GlobalSection(ProjectConfigurationPlatforms) = postSolution
		{E672818C-D8D8-459B-9075-BD8AB82B7E94}.Debug|x64.ActiveCfg = Debug|x64
		{E672818C-D8D8-459B-9075-BD8AB82B7E94}.Debug|x64.Build.0 = Debug|x64
		{E672818C-D8D8-459B-9075-BD8AB82B7E94}.Debug|x86.ActiveCfg = Debug|Win32
		{E672818C-D8D8-459B-9075-BD8AB82B7E94}.Debug|x86.Build.0 = Debug|Win32
		{E672818C-D8D8-459B-9075-BD8AB82B7E94}.Release|x64.ActiveCfg = Release|x64
		{E672818C-D8D8-459B-9075-BD8AB82B7E94}.Release|x64.Build.0 = Release|x64
		{E672818C-D8D8-459B-9075-BD8AB82B7E94}.Release|x86.ActiveCfg = Release|Win32
		{E672818C-D8D8-459B-9075-BD8AB82B7E94}.Release|x86.Build.0 = Release|Win32
	EndGlobalSection
	GlobalSection(SolutionProperties) = preSolution
		HideSolutionNode = FALSE
	EndGlobalSection
	GlobalSection(ExtensibilityGlobals) = postSolution
		SolutionGuid = {5D5F4D8A-B48A-4C28-9AE6-A4FA397DA29C}
	EndGlobalSection
EndGlobal
